<?xml version="1.0" encoding="UTF-8" standalone="yes" ?>
<CodeBlocks_project_file>
	<FileVersion major="1" minor="6" />
	<Project>
		<Option title="Sokoban" />
		<Option pch_mode="2" />
		<Option compiler="gcc" />
		<Option virtualFolders="lua/;" />
		<Build>
			<Target title="Debug">
				<Option output="bin/Debug/Sokoban" prefix_auto="1" extension_auto="1" />
				<Option object_output="obj/Debug/" />
				<Option type="1" />
				<Option compiler="gcc" />
				<Compiler>
					<Add option="-g" />
				</Compiler>
			</Target>
			<Target title="Release">
				<Option output="bin/Release/Sokoban" prefix_auto="1" extension_auto="1" />
				<Option object_output="obj/Release/" />
				<Option type="1" />
				<Option compiler="gcc" />
				<Compiler>
					<Add option="-O2" />
				</Compiler>
				<Linker>
					<Add option="-s" />
				</Linker>
			</Target>
		</Build>
		<Compiler>
			<Add option="-Wall" />
			<Add option="-Winvalid-pch" />
		</Compiler>
		<Linker>
			<Add library="lua" />
			<Add library="sfml-system" />
			<Add library="dl" />
		</Linker>
		<Unit filename="Application.cpp" />
		<Unit filename="Application.h" />
		<Unit filename="main.cpp" />
		<Unit filename="main_init.lua">
			<Option virtualFolder="lua/" />
		</Unit>
		<Unit filename="stdafx.h">
			<Option compile="1" />
			<Option weight="0" />
		</Unit>
		<Extensions>
			<code_completion />
			<debugger />
			<envvars />
		</Extensions>
	</Project>
</CodeBlocks_project_file>
